// !$*UTF8*$!
{
	archiveVersion = 1;
	classes = {
	};
	objectVersion = 77;
	objects = {

/* Begin PBXBuildFile section */
		6907235A2FD6C53F001505C5 /* WebKit.framework in Frameworks */ = {isa = PBXBuildFile; fileRef = 690723592FD6C53F001505C5 /* WebKit.framework */; };
		690723652FD720E8001505C5 /* Sparkle in Frameworks */ = {isa = PBXBuildFile; productRef = 690723642FD720E8001505C5 /* Sparkle */; };
/* End PBXBuildFile section */

/* Begin PBXFileReference section */
		690723542FD6C4B0001505C5 /* WebView.swift */ = {isa = PBXFileReference; lastKnownFileType = sourcecode.swift; name = WebView.swift; path = MDTranslator/WebView.swift; sourceTree = "<group>"; };
		690723552FD6C4B0001505C5 /* SettingsView.swift */ = {isa = PBXFileReference; lastKnownFileType = sourcecode.swift; name = SettingsView.swift; path = MDTranslator/SettingsView.swift; sourceTree = "<group>"; };
		690723562FD6C4B0001505C5 /* Commands.swift */ = {isa = PBXFileReference; lastKnownFileType = sourcecode.swift; name = Commands.swift; path = MDTranslator/Commands.swift; sourceTree = "<group>"; };
		690723572FD6C4B0001505C5 /* KeychainManager.swift */ = {isa = PBXFileReference; lastKnownFileType = sourcecode.swift; name = KeychainManager.swift; path = MDTranslator/KeychainManager.swift; sourceTree = "<group>"; };
		690723592FD6C53F001505C5 /* WebKit.framework */ = {isa = PBXFileReference; lastKnownFileType = wrapper.framework; name = WebKit.framework; path = System/Library/Frameworks/WebKit.framework; sourceTree = SDKROOT; };
		699862752FD0B0B700582E86 /* MDTranslator.app */ = {isa = PBXFileReference; explicitFileType = wrapper.application; includeInIndex = 0; path = MDTranslator.app; sourceTree = BUILT_PRODUCTS_DIR; };
/* End PBXFileReference section */

/* Begin PBXFileSystemSynchronizedBuildFileExceptionSet section */
		699862AA2FD0B0B800582E86 /* Exceptions for "MDTranslator" folder in "MDTranslator" target */ = {
			isa = PBXFileSystemSynchronizedBuildFileExceptionSet;
			membershipExceptions = (
				Info.plist,
			);
			target = 699862742FD0B0B700582E86 /* MDTranslator */;
		};
/* End PBXFileSystemSynchronizedBuildFileExceptionSet section */

/* Begin PBXFileSystemSynchronizedRootGroup section */
		699862772FD0B0B700582E86 /* MDTranslator */ = {
			isa = PBXFileSystemSynchronizedRootGroup;
			exceptions = (
				699862AA2FD0B0B800582E86 /* Exceptions for "MDTranslator" folder in "MDTranslator" target */,
			);
			path = MDTranslator;
			sourceTree = "<group>";
		};
/* End PBXFileSystemSynchronizedRootGroup section */

/* Begin PBXFrameworksBuildPhase section */
		699862722FD0B0B700582E86 /* Frameworks */ = {
			isa = PBXFrameworksBuildPhase;
			buildActionMask = 2147483647;
			files = (
				6907235A2FD6C53F001505C5 /* WebKit.framework in Frameworks */,
				690723652FD720E8001505C5 /* Sparkle in Frameworks */,
			);
			runOnlyForDeploymentPostprocessing = 0;
		};
/* End PBXFrameworksBuildPhase section */

/* Begin PBXGroup section */
		690723582FD6C53F001505C5 /* Frameworks */ = {
			isa = PBXGroup;
			children = (
				690723592FD6C53F001505C5 /* WebKit.framework */,
			);
			name = Frameworks;
			sourceTree = "<group>";
		};
		6998626C2FD0B0B700582E86 = {
			isa = PBXGroup;
			children = (
				690723562FD6C4B0001505C5 /* Commands.swift */,
				690723572FD6C4B0001505C5 /* KeychainManager.swift */,
				690723552FD6C4B0001505C5 /* SettingsView.swift */,
				690723542FD6C4B0001505C5 /* WebView.swift */,
				699862772FD0B0B700582E86 /* MDTranslator */,
				690723582FD6C53F001505C5 /* Frameworks */,
				699862762FD0B0B700582E86 /* Products */,
			);
			sourceTree = "<group>";
		};
		699862762FD0B0B700582E86 /* Products */ = {
			isa = PBXGroup;
			children = (
				699862752FD0B0B700582E86 /* MDTranslator.app */,
			);
			name = Products;
			sourceTree = "<group>";
		};
/* End PBXGroup section */

/* Begin PBXNativeTarget section */
		699862742FD0B0B700582E86 /* MDTranslator */ = {
			isa = PBXNativeTarget;
			buildConfigurationList = 699862802FD0B0B800582E86 /* Build configuration list for PBXNativeTarget "MDTranslator" */;
			buildPhases = (
				699862712FD0B0B700582E86 /* Sources */,
				690723452FD5F668001505C5 /* Copy Python Bundle & Backend */,
				699862722FD0B0B700582E86 /* Frameworks */,
				699862732FD0B0B700582E86 /* Resources */,
			);
			buildRules = (
			);
			dependencies = (
			);
			fileSystemSynchronizedGroups = (
				699862772FD0B0B700582E86 /* MDTranslator */,
			);
			name = MDTranslator;
			packageProductDependencies = (
				690723642FD720E8001505C5 /* Sparkle */,
			);
			productName = MDTranslator;
			productReference = 699862752FD0B0B700582E86 /* MDTranslator.app */;
			productType = "com.apple.product-type.application";
		};
/* End PBXNativeTarget section */

/* Begin PBXProject section */
		6998626D2FD0B0B700582E86 /* Project object */ = {
			isa = PBXProject;
			attributes = {
				BuildIndependentTargetsInParallel = 1;
				LastSwiftUpdateCheck = 2650;
				LastUpgradeCheck = 2650;
				TargetAttributes = {
					699862742FD0B0B700582E86 = {
						CreatedOnToolsVersion = 26.5;
					};
				};
			};
			buildConfigurationList = 699862702FD0B0B700582E86 /* Build configuration list for PBXProject "MDTranslator" */;
			developmentRegion = en;
			hasScannedForEncodings = 0;
			knownRegions = (
				en,
				Base,
			);
			mainGroup = 6998626C2FD0B0B700582E86;
			minimizedProjectReferenceProxies = 1;
			packageReferences = (
				690723632FD720E8001505C5 /* XCLocalSwiftPackageReference "../../../../__03.-Github_Repositories/Sparkle" */,
			);
			preferredProjectObjectVersion = 77;
			productRefGroup = 699862762FD0B0B700582E86 /* Products */;
			projectDirPath = "";
			projectRoot = "";
			targets = (
				699862742FD0B0B700582E86 /* MDTranslator */,
			);
		};
/* End PBXProject section */

/* Begin PBXResourcesBuildPhase section */
		699862732FD0B0B700582E86 /* Resources */ = {
			isa = PBXResourcesBuildPhase;
			buildActionMask = 2147483647;
			files = (
			);
			runOnlyForDeploymentPostprocessing = 0;
		};
/* End PBXResourcesBuildPhase section */

/* Begin PBXShellScriptBuildPhase section */
		690723452FD5F668001505C5 /* Copy Python Bundle & Backend */ = {
			isa = PBXShellScriptBuildPhase;
			alwaysOutOfDate = 1;
			buildActionMask = 2147483647;
			files = (
			);
			inputFileListPaths = (
			);
			inputPaths = (
			);
			name = "Copy Python Bundle & Backend";
			outputFileListPaths = (
			);
			outputPaths = (
			);
			runOnlyForDeploymentPostprocessing = 0;
			shellPath = /bin/sh;
			shellScript = "# Type a script or drag a script file from your workspace to insert its path.\n#!/bin/bash\nset -euo pipefail\n\nREPO_ROOT=\"${SRCROOT}/../..\"\nRESOURCES=\"${BUILT_PRODUCTS_DIR}/${PRODUCT_NAME}.app/Contents/Resources\"\n\n# Python bundle\nif [ -d \"${REPO_ROOT}/python-bundle\" ]; then\n  rsync -a --delete \"${REPO_ROOT}/python-bundle/\" \"${RESOURCES}/python/\"\nelse\n  echo \"warning: python-bundle no encontrado. Ejecuta scripts/build-python-bundle.sh primero.\"\nfi\n\n# Backend FastAPI\nrsync -a --delete \"${REPO_ROOT}/src/\" \"${RESOURCES}/backend/src/\"\nrsync -a --delete \"${REPO_ROOT}/static/\" \"${RESOURCES}/backend/static/\"\ncp \"${REPO_ROOT}/pyproject.toml\" \"${RESOURCES}/backend/\"\ncp \"${REPO_ROOT}/uv.lock\" \"${RESOURCES}/backend/\"\n";
		};
/* End PBXShellScriptBuildPhase section */

/* Begin PBXSourcesBuildPhase section */
		699862712FD0B0B700582E86 /* Sources */ = {
			isa = PBXSourcesBuildPhase;
			buildActionMask = 2147483647;
			files = (
			);
			runOnlyForDeploymentPostprocessing = 0;
		};
/* End PBXSourcesBuildPhase section */

/* Begin XCBuildConfiguration section */
		6998627E2FD0B0B800582E86 /* Debug */ = {
			isa = XCBuildConfiguration;
			buildSettings = {
				ALWAYS_SEARCH_USER_PATHS = NO;
				ASSETCATALOG_COMPILER_GENERATE_SWIFT_ASSET_SYMBOL_EXTENSIONS = YES;
				CLANG_ANALYZER_NONNULL = YES;
				CLANG_ANALYZER_NUMBER_OBJECT_CONVERSION = YES_AGGRESSIVE;
				CLANG_CXX_LANGUAGE_STANDARD = "gnu++20";
				CLANG_ENABLE_MODULES = YES;
				CLANG_ENABLE_OBJC_ARC = YES;
				CLANG_ENABLE_OBJC_WEAK = YES;
				CLANG_WARN_BLOCK_CAPTURE_AUTORELEASING = YES;
				CLANG_WARN_BOOL_CONVERSION = YES;
				CLANG_WARN_COMMA = YES;
				CLANG_WARN_CONSTANT_CONVERSION = YES;
				CLANG_WARN_DEPRECATED_OBJC_IMPLEMENTATIONS = YES;
				CLANG_WARN_DIRECT_OBJC_ISA_USAGE = YES_ERROR;
				CLANG_WARN_DOCUMENTATION_COMMENTS = YES;
				CLANG_WARN_EMPTY_BODY = YES;
				CLANG_WARN_ENUM_CONVERSION = YES;
				CLANG_WARN_INFINITE_RECURSION = YES;
				CLANG_WARN_INT_CONVERSION = YES;
				CLANG_WARN_NON_LITERAL_NULL_CONVERSION = YES;
				CLANG_WARN_OBJC_IMPLICIT_RETAIN_SELF = YES;
				CLANG_WARN_OBJC_LITERAL_CONVERSION = YES;
				CLANG_WARN_OBJC_ROOT_CLASS = YES_ERROR;
				CLANG_WARN_QUOTED_INCLUDE_IN_FRAMEWORK_HEADER = YES;
				CLANG_WARN_RANGE_LOOP_ANALYSIS = YES;
				CLANG_WARN_STRICT_PROTOTYPES = YES;
				CLANG_WARN_SUSPICIOUS_MOVE = YES;
				CLANG_WARN_UNGUARDED_AVAILABILITY = YES_AGGRESSIVE;
				CLANG_WARN_UNREACHABLE_CODE = YES;
				CLANG_WARN__DUPLICATE_METHOD_MATCH = YES;
				COPY_PHASE_STRIP = NO;
				DEBUG_INFORMATION_FORMAT = dwarf;
				ENABLE_STRICT_OBJC_MSGSEND = YES;
				ENABLE_TESTABILITY = YES;
				ENABLE_USER_SCRIPT_SANDBOXING = NO;
				GCC_C_LANGUAGE_STANDARD = gnu17;
				GCC_DYNAMIC_NO_PIC = NO;
				GCC_NO_COMMON_BLOCKS = YES;
				GCC_OPTIMIZATION_LEVEL = 0;
				GCC_PREPROCESSOR_DEFINITIONS = (
					"DEBUG=1",
					"$(inherited)",
				);
				GCC_WARN_64_TO_32_BIT_CONVERSION = YES;
				GCC_WARN_ABOUT_RETURN_TYPE = YES_ERROR;
				GCC_WARN_UNDECLARED_SELECTOR = YES;
				GCC_WARN_UNINITIALIZED_AUTOS = YES_AGGRESSIVE;
				GCC_WARN_UNUSED_FUNCTION = YES;
				GCC_WARN_UNUSED_VARIABLE = YES;
				LOCALIZATION_PREFERS_STRING_CATALOGS = YES;
				MACOSX_DEPLOYMENT_TARGET = 26.5;
				MTL_ENABLE_DEBUG_INFO = INCLUDE_SOURCE;
				MTL_FAST_MATH = YES;
				ONLY_ACTIVE_ARCH = YES;
				SDKROOT = macosx;
				SWIFT_ACTIVE_COMPILATION_CONDITIONS = "DEBUG $(inherited)";
				SWIFT_OPTIMIZATION_LEVEL = "-Onone";
			};
			name = Debug;
		};
		6998627F2FD0B0B800582E86 /* Release */ = {
			isa = XCBuildConfiguration;
			buildSettings = {
				ALWAYS_SEARCH_USER_PATHS = NO;
				ASSETCATALOG_COMPILER_GENERATE_SWIFT_ASSET_SYMBOL_EXTENSIONS = YES;
				CLANG_ANALYZER_NONNULL = YES;
				CLANG_ANALYZER_NUMBER_OBJECT_CONVERSION = YES_AGGRESSIVE;
				CLANG_CXX_LANGUAGE_STANDARD = "gnu++20";
				CLANG_ENABLE_MODULES = YES;
				CLANG_ENABLE_OBJC_ARC = YES;
				CLANG_ENABLE_OBJC_WEAK = YES;
				CLANG_WARN_BLOCK_CAPTURE_AUTORELEASING = YES;
				CLANG_WARN_BOOL_CONVERSION = YES;
				CLANG_WARN_COMMA = YES;
				CLANG_WARN_CONSTANT_CONVERSION = YES;
				CLANG_WARN_DEPRECATED_OBJC_IMPLEMENTATIONS = YES;
				CLANG_WARN_DIRECT_OBJC_ISA_USAGE = YES_ERROR;
				CLANG_WARN_DOCUMENTATION_COMMENTS = YES;
				CLANG_WARN_EMPTY_BODY = YES;
				CLANG_WARN_ENUM_CONVERSION = YES;
				CLANG_WARN_INFINITE_RECURSION = YES;
				CLANG_WARN_INT_CONVERSION = YES;
				CLANG_WARN_NON_LITERAL_NULL_CONVERSION = YES;
				CLANG_WARN_OBJC_IMPLICIT_RETAIN_SELF = YES;
				CLANG_WARN_OBJC_LITERAL_CONVERSION = YES;
				CLANG_WARN_OBJC_ROOT_CLASS = YES_ERROR;
				CLANG_WARN_QUOTED_INCLUDE_IN_FRAMEWORK_HEADER = YES;
				CLANG_WARN_RANGE_LOOP_ANALYSIS = YES;
				CLANG_WARN_STRICT_PROTOTYPES = YES;
				CLANG_WARN_SUSPICIOUS_MOVE = YES;
				CLANG_WARN_UNGUARDED_AVAILABILITY = YES_AGGRESSIVE;
				CLANG_WARN_UNREACHABLE_CODE = YES;
				CLANG_WARN__DUPLICATE_METHOD_MATCH = YES;
				COPY_PHASE_STRIP = NO;
				DEBUG_INFORMATION_FORMAT = "dwarf-with-dsym";
				ENABLE_NS_ASSERTIONS = NO;
				ENABLE_STRICT_OBJC_MSGSEND = YES;
				ENABLE_USER_SCRIPT_SANDBOXING = NO;
				GCC_C_LANGUAGE_STANDARD = gnu17;
				GCC_NO_COMMON_BLOCKS = YES;
				GCC_WARN_64_TO_32_BIT_CONVERSION = YES;
				GCC_WARN_ABOUT_RETURN_TYPE = YES_ERROR;
				GCC_WARN_UNDECLARED_SELECTOR = YES;
				GCC_WARN_UNINITIALIZED_AUTOS = YES_AGGRESSIVE;
				GCC_WARN_UNUSED_FUNCTION = YES;
				GCC_WARN_UNUSED_VARIABLE = YES;
				LOCALIZATION_PREFERS_STRING_CATALOGS = YES;
				MACOSX_DEPLOYMENT_TARGET = 26.5;
				MTL_ENABLE_DEBUG_INFO = NO;
				MTL_FAST_MATH = YES;
				SDKROOT = macosx;
				SWIFT_COMPILATION_MODE = wholemodule;
			};
			name = Release;
		};
		699862812FD0B0B800582E86 /* Debug */ = {
			isa = XCBuildConfiguration;
			buildSettings = {
				ASSETCATALOG_COMPILER_APPICON_NAME = AppIcon;
				ASSETCATALOG_COMPILER_GLOBAL_ACCENT_COLOR_NAME = AccentColor;
				CODE_SIGN_STYLE = Automatic;
				COMBINE_HIDPI_IMAGES = YES;
				CURRENT_PROJECT_VERSION = 1;
				ENABLE_APP_SANDBOX = NO;
				ENABLE_PREVIEWS = YES;
				GENERATE_INFOPLIST_FILE = NO;
				INFOPLIST_FILE = MDTranslator/Info.plist;
				INFOPLIST_KEY_CFBundleDisplayName = MDTranslator;
				INFOPLIST_KEY_NSHumanReadableCopyright = "";
				INFOPLIST_KEY_SUEnableAutomaticChecks = YES;
				INFOPLIST_KEY_SUFeedURL = "https://raw.githubusercontent.com/edfrutos/auto-trans-markdown/main/docs/appcast.xml";
				INFOPLIST_KEY_SUPublicEDKey = "pdjSqDBJV9/d5LtjgvRvAQ+FzR4V7K/Q2qCaF2Zjrlk=";
				LD_RUNPATH_SEARCH_PATHS = (
					"$(inherited)",
					"@executable_path/../Frameworks",
				);
				MACOSX_DEPLOYMENT_TARGET = 14.0;
				MARKETING_VERSION = 3.0;
				PRODUCT_BUNDLE_IDENTIFIER = "com.edefrutos.md-translator";
				PRODUCT_NAME = "$(TARGET_NAME)";
				REGISTER_APP_GROUPS = YES;
				STRING_CATALOG_GENERATE_SYMBOLS = YES;
				SWIFT_APPROACHABLE_CONCURRENCY = YES;
				SWIFT_DEFAULT_ACTOR_ISOLATION = MainActor;
				SWIFT_EMIT_LOC_STRINGS = YES;
				SWIFT_UPCOMING_FEATURE_MEMBER_IMPORT_VISIBILITY = YES;
				SWIFT_VERSION = 5.0;
			};
			name = Debug;
		};
		699862822FD0B0B800582E86 /* Release */ = {
			isa = XCBuildConfiguration;
			buildSettings = {
				ASSETCATALOG_COMPILER_APPICON_NAME = AppIcon;
				ASSETCATALOG_COMPILER_GLOBAL_ACCENT_COLOR_NAME = AccentColor;
				"CODE_SIGN_IDENTITY[sdk=macosx*]" = "-";
				CODE_SIGN_STYLE = Automatic;
				COMBINE_HIDPI_IMAGES = YES;
				CURRENT_PROJECT_VERSION = 1;
				ENABLE_APP_SANDBOX = NO;
				ENABLE_PREVIEWS = YES;
				GENERATE_INFOPLIST_FILE = NO;
				INFOPLIST_FILE = MDTranslator/Info.plist;
				INFOPLIST_KEY_CFBundleDisplayName = MDTranslator;
				INFOPLIST_KEY_NSHumanReadableCopyright = "";
				INFOPLIST_KEY_SUEnableAutomaticChecks = YES;
				INFOPLIST_KEY_SUFeedURL = "https://raw.githubusercontent.com/edfrutos/auto-trans-markdown/main/docs/appcast.xml";
				INFOPLIST_KEY_SUPublicEDKey = "pdjSqDBJV9/d5LtjgvRvAQ+FzR4V7K/Q2qCaF2Zjrlk=";
				LD_RUNPATH_SEARCH_PATHS = (
					"$(inherited)",
					"@executable_path/../Frameworks",
				);
				MACOSX_DEPLOYMENT_TARGET = 14.0;
				MARKETING_VERSION = 3.0;
				PRODUCT_BUNDLE_IDENTIFIER = "com.edefrutos.md-translator";
				PRODUCT_NAME = "$(TARGET_NAME)";
				REGISTER_APP_GROUPS = YES;
				STRING_CATALOG_GENERATE_SYMBOLS = YES;
				SWIFT_APPROACHABLE_CONCURRENCY = YES;
				SWIFT_DEFAULT_ACTOR_ISOLATION = MainActor;
				SWIFT_EMIT_LOC_STRINGS = YES;
				SWIFT_UPCOMING_FEATURE_MEMBER_IMPORT_VISIBILITY = YES;
				SWIFT_VERSION = 5.0;
			};
			name = Release;
		};
/* End XCBuildConfiguration section */

/* Begin XCConfigurationList section */
		699862702FD0B0B700582E86 /* Build configuration list for PBXProject "MDTranslator" */ = {
			isa = XCConfigurationList;
			buildConfigurations = (
				6998627E2FD0B0B800582E86 /* Debug */,
				6998627F2FD0B0B800582E86 /* Release */,
			);
			defaultConfigurationIsVisible = 0;
			defaultConfigurationName = Release;
		};
		699862802FD0B0B800582E86 /* Build configuration list for PBXNativeTarget "MDTranslator" */ = {
			isa = XCConfigurationList;
			buildConfigurations = (
				699862812FD0B0B800582E86 /* Debug */,
				699862822FD0B0B800582E86 /* Release */,
			);
			defaultConfigurationIsVisible = 0;
			defaultConfigurationName = Release;
		};
/* End XCConfigurationList section */

/* Begin XCLocalSwiftPackageReference section */
		690723632FD720E8001505C5 /* XCLocalSwiftPackageReference "../../../../__03.-Github_Repositories/Sparkle" */ = {
			isa = XCLocalSwiftPackageReference;
			relativePath = "../../../../__03.-Github_Repositories/Sparkle";
		};
/* End XCLocalSwiftPackageReference section */

/* Begin XCSwiftPackageProductDependency section */
		690723642FD720E8001505C5 /* Sparkle */ = {
			isa = XCSwiftPackageProductDependency;
			productName = Sparkle;
		};
/* End XCSwiftPackageProductDependency section */
	};
	rootObject = 6998626D2FD0B0B700582E86 /* Project object */;
}
